<?xml version="1.0" encoding="utf-8"?>
<Project ToolsVersion="4.0" xmlns="http://schemas.microsoft.com/developer/msbuild/2003">
  <ItemGroup>
    <ClCompile Include="src\ofApp.cpp">
      <Filter>src</Filter>
    </ClCompile>
    <ClCompile Include="src\main.cpp">
      <Filter>src</Filter>
    </ClCompile>
    <ClCompile Include="..\..\..\addons\ofxGui\src\ofxBaseGui.cpp">
      <Filter>addons\ofxGui\src</Filter>
    </ClCompile>
    <ClCompile Include="..\..\..\addons\ofxGui\src\ofxButton.cpp">
      <Filter>addons\ofxGui\src</Filter>
    </ClCompile>
    <ClCompile Include="..\..\..\addons\ofxGui\src\ofxGuiGroup.cpp">
      <Filter>addons\ofxGui\src</Filter>
    </ClCompile>
    <ClCompile Include="..\..\..\addons\ofxGui\src\ofxLabel.cpp">
      <Filter>addons\ofxGui\src</Filter>
    </ClCompile>
    <ClCompile Include="..\..\..\addons\ofxGui\src\ofxPanel.cpp">
      <Filter>addons\ofxGui\src</Filter>
    </ClCompile>
    <ClCompile Include="..\..\..\addons\ofxGui\src\ofxSlider.cpp">
      <Filter>addons\ofxGui\src</Filter>
    </ClCompile>
    <ClCompile Include="..\..\..\addons\ofxGui\src\ofxSliderGroup.cpp">
      <Filter>addons\ofxGui\src</Filter>
    </ClCompile>
    <ClCompile Include="..\..\..\addons\ofxGui\src\ofxToggle.cpp">
      <Filter>addons\ofxGui\src</Filter>
    </ClCompile>
    <ClCompile Include="..\..\..\addons\ofxOsc\src\ofxOscBundle.cpp">
      <Filter>addons\ofxOsc\src</Filter>
    </ClCompile>
    <ClCompile Include="..\..\..\addons\ofxOsc\src\ofxOscMessage.cpp">
      <Filter>addons\ofxOsc\src</Filter>
    </ClCompile>
    <ClCompile Include="..\..\..\addons\ofxOsc\src\ofxOscParameterSync.cpp">
      <Filter>addons\ofxOsc\src</Filter>
    </ClCompile>
    <ClCompile Include="..\..\..\addons\ofxOsc\src\ofxOscReceiver.cpp">
      <Filter>addons\ofxOsc\src</Filter>
    </ClCompile>
    <ClCompile Include="..\..\..\addons\ofxOsc\src\ofxOscSender.cpp">
      <Filter>addons\ofxOsc\src</Filter>
    </ClCompile>
    <ClCompile Include="..\..\..\addons\ofxOsc\libs\oscpack\src\ip\IpEndpointName.cpp">
      <Filter>addons\ofxOsc\libs\oscpack\src\ip</Filter>
    </ClCompile>
    <ClCompile Include="..\..\..\addons\ofxOsc\libs\oscpack\src\ip\posix\NetworkingUtils.cpp">
      <Filter>addons\ofxOsc\libs\oscpack\src\ip\posix</Filter>
    </ClCompile>
    <ClCompile Include="..\..\..\addons\ofxOsc\libs\oscpack\src\ip\posix\UdpSocket.cpp">
      <Filter>addons\ofxOsc\libs\oscpack\src\ip\posix</Filter>
    </ClCompile>
    <ClCompile Include="..\..\..\addons\ofxOsc\libs\oscpack\src\ip\win32\NetworkingUtils.cpp">
      <Filter>addons\ofxOsc\libs\oscpack\src\ip\win32</Filter>
    </ClCompile>
    <ClCompile Include="..\..\..\addons\ofxOsc\libs\oscpack\src\ip\win32\UdpSocket.cpp">
      <Filter>addons\ofxOsc\libs\oscpack\src\ip\win32</Filter>
    </ClCompile>
    <ClCompile Include="..\..\..\addons\ofxOsc\libs\oscpack\src\osc\OscOutboundPacketStream.cpp">
      <Filter>addons\ofxOsc\libs\oscpack\src\osc</Filter>
    </ClCompile>
    <ClCompile Include="..\..\..\addons\ofxOsc\libs\oscpack\src\osc\OscPrintReceivedElements.cpp">
      <Filter>addons\ofxOsc\libs\oscpack\src\osc</Filter>
    </ClCompile>
    <ClCompile Include="..\..\..\addons\ofxOsc\libs\oscpack\src\osc\OscReceivedElements.cpp">
      <Filter>addons\ofxOsc\libs\oscpack\src\osc</Filter>
    </ClCompile>
    <ClCompile Include="..\..\..\addons\ofxOsc\libs\oscpack\src\osc\OscTypes.cpp">
      <Filter>addons\ofxOsc\libs\oscpack\src\osc</Filter>
    </ClCompile>
    <ClCompile Include="..\..\..\addons\ofxXmlSettings\src\ofxXmlSettings.cpp">
      <Filter>addons\ofxXmlSettings\src</Filter>
    </ClCompile>
    <ClCompile Include="..\..\..\addons\ofxXmlSettings\libs\tinyxml.cpp">
      <Filter>addons\ofxXmlSettings\libs</Filter>
    </ClCompile>
    <ClCompile Include="..\..\..\addons\ofxXmlSettings\libs\tinyxmlerror.cpp">
      <Filter>addons\ofxXmlSettings\libs</Filter>
    </ClCompile>
    <ClCompile Include="..\..\..\addons\ofxXmlSettings\libs\tinyxmlparser.cpp">
      <Filter>addons\ofxXmlSettings\libs</Filter>
    </ClCompile>
    <ClCompile Include="src\dustParticle.cpp">
      <Filter>src</Filter>
    </ClCompile>
    <ClCompile Include="src\dirtParticle.cpp">
      <Filter>src</Filter>
    </ClCompile>
  </ItemGroup>
  <ItemGroup>
    <Filter Include="src">
      <UniqueIdentifier>{d8376475-7454-4a24-b08a-aac121d3ad6f}</UniqueIdentifier>
    </Filter>
    <Filter Include="addons">
      <UniqueIdentifier>{941c173b-0730-4f0b-8ed2-8dce8a448a35}</UniqueIdentifier>
    </Filter>
    <Filter Include="addons\ofxGui">
      <UniqueIdentifier>{9eadb8cc-117f-4295-8bd7-7b60f81941fa}</UniqueIdentifier>
    </Filter>
    <Filter Include="addons\ofxGui\src">
      <UniqueIdentifier>{4a074154-fd44-44e4-9861-f4c7185cee62}</UniqueIdentifier>
    </Filter>
    <Filter Include="addons\ofxOsc">
      <UniqueIdentifier>{30099dfc-e7d6-46ff-a25b-acc25202e9b8}</UniqueIdentifier>
    </Filter>
    <Filter Include="addons\ofxOsc\src">
      <UniqueIdentifier>{7750710a-7b90-4d44-b933-d67ec13aad75}</UniqueIdentifier>
    </Filter>
    <Filter Include="addons\ofxOsc\libs">
      <UniqueIdentifier>{47aae87b-b2d4-4193-ad7c-32ac98457cf7}</UniqueIdentifier>
    </Filter>
    <Filter Include="addons\ofxOsc\libs\oscpack">
      <UniqueIdentifier>{a1df12e3-9fd8-48d3-8510-2f38aab19f3b}</UniqueIdentifier>
    </Filter>
    <Filter Include="addons\ofxOsc\libs\oscpack\src">
      <UniqueIdentifier>{579455bb-fa16-4a03-b4f8-84e16a733eac}</UniqueIdentifier>
    </Filter>
    <Filter Include="addons\ofxOsc\libs\oscpack\src\ip">
      <UniqueIdentifier>{d63cfa60-208f-4a8f-885b-79f762efdd34}</UniqueIdentifier>
    </Filter>
    <Filter Include="addons\ofxOsc\libs\oscpack\src\ip\posix">
      <UniqueIdentifier>{39e9d123-6217-44f3-a2ed-93cd9aeca0ed}</UniqueIdentifier>
    </Filter>
    <Filter Include="addons\ofxOsc\libs\oscpack\src\ip\win32">
      <UniqueIdentifier>{354c1e84-000b-4a9d-b234-f035b11bb484}</UniqueIdentifier>
    </Filter>
    <Filter Include="addons\ofxOsc\libs\oscpack\src\osc">
      <UniqueIdentifier>{3de29923-8131-4276-b0a3-66de0f5eca1a}</UniqueIdentifier>
    </Filter>
    <Filter Include="addons\ofxXmlSettings">
      <UniqueIdentifier>{1bdb776e-af3b-4e8b-b6a1-2f3bd520ef43}</UniqueIdentifier>
    </Filter>
    <Filter Include="addons\ofxXmlSettings\src">
      <UniqueIdentifier>{ee2be268-ed1e-46fc-b57b-4246c45b9ff6}</UniqueIdentifier>
    </Filter>
    <Filter Include="addons\ofxXmlSettings\libs">
      <UniqueIdentifier>{ece40185-7448-452f-9b76-2120aaab2ff0}</UniqueIdentifier>
    </Filter>
  </ItemGroup>
  <ItemGroup>
    <ClInclude Include="src\ofApp.h">
      <Filter>src</Filter>
    </ClInclude>
    <ClInclude Include="..\..\..\addons\ofxGui\src\ofxBaseGui.h">
      <Filter>addons\ofxGui\src</Filter>
    </ClInclude>
    <ClInclude Include="..\..\..\addons\ofxGui\src\ofxButton.h">
      <Filter>addons\ofxGui\src</Filter>
    </ClInclude>
    <ClInclude Include="..\..\..\addons\ofxGui\src\ofxGui.h">
      <Filter>addons\ofxGui\src</Filter>
    </ClInclude>
    <ClInclude Include="..\..\..\addons\ofxGui\src\ofxGuiGroup.h">
      <Filter>addons\ofxGui\src</Filter>
    </ClInclude>
    <ClInclude Include="..\..\..\addons\ofxGui\src\ofxLabel.h">
      <Filter>addons\ofxGui\src</Filter>
    </ClInclude>
    <ClInclude Include="..\..\..\addons\ofxGui\src\ofxPanel.h">
      <Filter>addons\ofxGui\src</Filter>
    </ClInclude>
    <ClInclude Include="..\..\..\addons\ofxGui\src\ofxSlider.h">
      <Filter>addons\ofxGui\src</Filter>
    </ClInclude>
    <ClInclude Include="..\..\..\addons\ofxGui\src\ofxSliderGroup.h">
      <Filter>addons\ofxGui\src</Filter>
    </ClInclude>
    <ClInclude Include="..\..\..\addons\ofxGui\src\ofxToggle.h">
      <Filter>addons\ofxGui\src</Filter>
    </ClInclude>
    <ClInclude Include="..\..\..\addons\ofxOsc\src\ofxOsc.h">
      <Filter>addons\ofxOsc\src</Filter>
    </ClInclude>
    <ClInclude Include="..\..\..\addons\ofxOsc\src\ofxOscArg.h">
      <Filter>addons\ofxOsc\src</Filter>
    </ClInclude>
    <ClInclude Include="..\..\..\addons\ofxOsc\src\ofxOscBundle.h">
      <Filter>addons\ofxOsc\src</Filter>
    </ClInclude>
    <ClInclude Include="..\..\..\addons\ofxOsc\src\ofxOscMessage.h">
      <Filter>addons\ofxOsc\src</Filter>
    </ClInclude>
    <ClInclude Include="..\..\..\addons\ofxOsc\src\ofxOscParameterSync.h">
      <Filter>addons\ofxOsc\src</Filter>
    </ClInclude>
    <ClInclude Include="..\..\..\addons\ofxOsc\src\ofxOscReceiver.h">
      <Filter>addons\ofxOsc\src</Filter>
    </ClInclude>
    <ClInclude Include="..\..\..\addons\ofxOsc\src\ofxOscSender.h">
      <Filter>addons\ofxOsc\src</Filter>
    </ClInclude>
    <ClInclude Include="..\..\..\addons\ofxOsc\libs\oscpack\src\ip\IpEndpointName.h">
      <Filter>addons\ofxOsc\libs\oscpack\src\ip</Filter>
    </ClInclude>
    <ClInclude Include="..\..\..\addons\ofxOsc\libs\oscpack\src\ip\NetworkingUtils.h">
      <Filter>addons\ofxOsc\libs\oscpack\src\ip</Filter>
    </ClInclude>
    <ClInclude Include="..\..\..\addons\ofxOsc\libs\oscpack\src\ip\PacketListener.h">
      <Filter>addons\ofxOsc\libs\oscpack\src\ip</Filter>
    </ClInclude>
    <ClInclude Include="..\..\..\addons\ofxOsc\libs\oscpack\src\ip\TimerListener.h">
      <Filter>addons\ofxOsc\libs\oscpack\src\ip</Filter>
    </ClInclude>
    <ClInclude Include="..\..\..\addons\ofxOsc\libs\oscpack\src\ip\UdpSocket.h">
      <Filter>addons\ofxOsc\libs\oscpack\src\ip</Filter>
    </ClInclude>
    <ClInclude Include="..\..\..\addons\ofxOsc\libs\oscpack\src\osc\MessageMappingOscPacketListener.h">
      <Filter>addons\ofxOsc\libs\oscpack\src\osc</Filter>
    </ClInclude>
    <ClInclude Include="..\..\..\addons\ofxOsc\libs\oscpack\src\osc\OscException.h">
      <Filter>addons\ofxOsc\libs\oscpack\src\osc</Filter>
    </ClInclude>
    <ClInclude Include="..\..\..\addons\ofxOsc\libs\oscpack\src\osc\OscHostEndianness.h">
      <Filter>addons\ofxOsc\libs\oscpack\src\osc</Filter>
    </ClInclude>
    <ClInclude Include="..\..\..\addons\ofxOsc\libs\oscpack\src\osc\OscOutboundPacketStream.h">
      <Filter>addons\ofxOsc\libs\oscpack\src\osc</Filter>
    </ClInclude>
    <ClInclude Include="..\..\..\addons\ofxOsc\libs\oscpack\src\osc\OscPacketListener.h">
      <Filter>addons\ofxOsc\libs\oscpack\src\osc</Filter>
    </ClInclude>
    <ClInclude Include="..\..\..\addons\ofxOsc\libs\oscpack\src\osc\OscPrintReceivedElements.h">
      <Filter>addons\ofxOsc\libs\oscpack\src\osc</Filter>
    </ClInclude>
    <ClInclude Include="..\..\..\addons\ofxOsc\libs\oscpack\src\osc\OscReceivedElements.h">
      <Filter>addons\ofxOsc\libs\oscpack\src\osc</Filter>
    </ClInclude>
    <ClInclude Include="..\..\..\addons\ofxOsc\libs\oscpack\src\osc\OscTypes.h">
      <Filter>addons\ofxOsc\libs\oscpack\src\osc</Filter>
    </ClInclude>
    <ClInclude Include="..\..\..\addons\ofxXmlSettings\src\ofxXmlSettings.h">
      <Filter>addons\ofxXmlSettings\src</Filter>
    </ClInclude>
    <ClInclude Include="..\..\..\addons\ofxXmlSettings\libs\tinyxml.h">
      <Filter>addons\ofxXmlSettings\libs</Filter>
    </ClInclude>
    <ClInclude Include="src\dustParticle.h">
      <Filter>src</Filter>
    </ClInclude>
    <ClInclude Include="src\dirtParticle.h">
      <Filter>src</Filter>
    </ClInclude>
  </ItemGroup>
  <ItemGroup>
    <ResourceCompile Include="icon.rc" />
  </ItemGroup>
</Project>